// !$*UTF8*$!
{
	archiveVersion = 1;
	classes = {
	};
	objectVersion = 48;
	objects = {

/* Begin PBXBuildFile section */
		507315EC1FD69E1800EB9345 /* AppDelegate.swift in Sources */ = {isa = PBXBuildFile; fileRef = 507315EB1FD69E1800EB9345 /* AppDelegate.swift */; };
		507315EE1FD69E1800EB9345 /* ViewController.swift in Sources */ = {isa = PBXBuildFile; fileRef = 507315ED1FD69E1800EB9345 /* ViewController.swift */; };
		507315F11FD69E1800EB9345 /* Main.storyboard in Resources */ = {isa = PBXBuildFile; fileRef = 507315EF1FD69E1800EB9345 /* Main.storyboard */; };
		507315F31FD69E1800EB9345 /* Assets.xcassets in Resources */ = {isa = PBXBuildFile; fileRef = 507315F21FD69E1800EB9345 /* Assets.xcassets */; };
		507315F61FD69E1800EB9345 /* LaunchScreen.storyboard in Resources */ = {isa = PBXBuildFile; fileRef = 507315F41FD69E1800EB9345 /* LaunchScreen.storyboard */; };
		507315FF1FD74A8500EB9345 /* Concentration.swift in Sources */ = {isa = PBXBuildFile; fileRef = 507315FE1FD74A8500EB9345 /* Concentration.swift */; };
		507316011FD8008000EB9345 /* Card.swift in Sources */ = {isa = PBXBuildFile; fileRef = 507316001FD8008000EB9345 /* Card.swift */; };
/* End PBXBuildFile section */

/* Begin PBXFileReference section */
		507315E81FD69E1800EB9345 /* Concetration.app */ = {isa = PBXFileReference; explicitFileType = wrapper.application; includeInIndex = 0; path = Concetration.app; sourceTree = BUILT_PRODUCTS_DIR; };
		507315EB1FD69E1800EB9345 /* AppDelegate.swift */ = {isa = PBXFileReference; lastKnownFileType = sourcecode.swift; path = AppDelegate.swift; sourceTree = "<group>"; };
		507315ED1FD69E1800EB9345 /* ViewController.swift */ = {isa = PBXFileReference; lastKnownFileType = sourcecode.swift; path = ViewController.swift; sourceTree = "<group>"; };
		507315F01FD69E1800EB9345 /* Base */ = {isa = PBXFileReference; lastKnownFileType = file.storyboard; name = Base; path = Base.lproj/Main.storyboard; sourceTree = "<group>"; };
		507315F21FD69E1800EB9345 /* Assets.xcassets */ = {isa = PBXFileReference; lastKnownFileType = folder.assetcatalog; path = Assets.xcassets; sourceTree = "<group>"; };
		507315F51FD69E1800EB9345 /* Base */ = {isa = PBXFileReference; lastKnownFileType = file.storyboard; name = Base; path = Base.lproj/LaunchScreen.storyboard; sourceTree = "<group>"; };
		507315F71FD69E1800EB9345 /* Info.plist */ = {isa = PBXFileReference; lastKnownFileType = text.plist.xml; path = Info.plist; sourceTree = "<group>"; };
		507315FE1FD74A8500EB9345 /* Concentration.swift */ = {isa = PBXFileReference; lastKnownFileType = sourcecode.swift; path = Concentration.swift; sourceTree = "<group>"; };
		507316001FD8008000EB9345 /* Card.swift */ = {isa = PBXFileReference; lastKnownFileType = sourcecode.swift; path = Card.swift; sourceTree = "<group>"; };
/* End PBXFileReference section */

/* Begin PBXFrameworksBuildPhase section */
		507315E51FD69E1800EB9345 /* Frameworks */ = {
			isa = PBXFrameworksBuildPhase;
			buildActionMask = 2147483647;
			files = (
			);
			runOnlyForDeploymentPostprocessing = 0;
		};
/* End PBXFrameworksBuildPhase section */

/* Begin PBXGroup section */
		507315DF1FD69E1700EB9345 = {
			isa = PBXGroup;
			children = (
				507315EA1FD69E1800EB9345 /* Concetration */,
				507315E91FD69E1800EB9345 /* Products */,
			);
			sourceTree = "<group>";
		};
		507315E91FD69E1800EB9345 /* Products */ = {
			isa = PBXGroup;
			children = (
				507315E81FD69E1800EB9345 /* Concetration.app */,
			);
			name = Products;
			sourceTree = "<group>";
		};
		507315EA1FD69E1800EB9345 /* Concetration */ = {
			isa = PBXGroup;
			children = (
				507315FE1FD74A8500EB9345 /* Concentration.swift */,
				507316001FD8008000EB9345 /* Card.swift */,
				507315FD1FD6A55700EB9345 /* Supporting files */,
				507315ED1FD69E1800EB9345 /* ViewController.swift */,
				507315EF1FD69E1800EB9345 /* Main.storyboard */,
				507315F71FD69E1800EB9345 /* Info.plist */,
			);
			path = Concetration;
			sourceTree = "<group>";
		};
		507315FD1FD6A55700EB9345 /* Supporting files */ = {
			isa = PBXGroup;
			children = (
				507315EB1FD69E1800EB9345 /* AppDelegate.swift */,
				507315F21FD69E1800EB9345 /* Assets.xcassets */,
				507315F41FD69E1800EB9345 /* LaunchScreen.storyboard */,
			);
			path = "Supporting files";
			sourceTree = "<group>";
		};
/* End PBXGroup section */

/* Begin PBXNativeTarget section */
		507315E71FD69E1800EB9345 /* Concetration */ = {
			isa = PBXNativeTarget;
			buildConfigurationList = 507315FA1FD69E1800EB9345 /* Build configuration list for PBXNativeTarget "Concetration" */;
			buildPhases = (
				507315E41FD69E1800EB9345 /* Sources */,
				507315E51FD69E1800EB9345 /* Frameworks */,
				507315E61FD69E1800EB9345 /* Resources */,
			);
			buildRules = (
			);
			dependencies = (
			);
			name = Concetration;
			productName = Concetration;
			productReference = 507315E81FD69E1800EB9345 /* Concetration.app */;
			productType = "com.apple.product-type.application";
		};
/* End PBXNativeTarget section */

/* Begin PBXProject section */
		507315E01FD69E1700EB9345 /* Project object */ = {
			isa = PBXProject;
			attributes = {
				LastSwiftUpdateCheck = 0910;
				LastUpgradeCheck = 0910;
				ORGANIZATIONNAME = Dreamers;
				TargetAttributes = {
					507315E71FD69E1800EB9345 = {
						CreatedOnToolsVersion = 9.1;
						ProvisioningStyle = Automatic;
					};
				};
			};
			buildConfigurationList = 507315E31FD69E1700EB9345 /* Build configuration list for PBXProject "Concetration" */;
			compatibilityVersion = "Xcode 8.0";
			developmentRegion = en;
			hasScannedForEncodings = 0;
			knownRegions = (
				en,
				Base,
			);
			mainGroup = 507315DF1FD69E1700EB9345;
			productRefGroup = 507315E91FD69E1800EB9345 /* Products */;
			projectDirPath = "";
			projectRoot = "";
			targets = (
				507315E71FD69E1800EB9345 /* Concetration */,
			);
		};
/* End PBXProject section */

/* Begin PBXResourcesBuildPhase section */
		507315E61FD69E1800EB9345 /* Resources */ = {
			isa = PBXResourcesBuildPhase;
			buildActionMask = 2147483647;
			files = (
				507315F61FD69E1800EB9345 /* LaunchScreen.storyboard in Resources */,
				507315F31FD69E1800EB9345 /* Assets.xcassets in Resources */,
				507315F11FD69E1800EB9345 /* Main.storyboard in Resources */,
			);
			runOnlyForDeploymentPostprocessing = 0;
		};
/* End PBXResourcesBuildPhase section */

/* Begin PBXSourcesBuildPhase section */
		507315E41FD69E1800EB9345 /* Sources */ = {
			isa = PBXSourcesBuildPhase;
			buildActionMask = 2147483647;
			files = (
				507315EE1FD69E1800EB9345 /* ViewController.swift in Sources */,
				507315EC1FD69E1800EB9345 /* AppDelegate.swift in Sources */,
				507315FF1FD74A8500EB9345 /* Concentration.swift in Sources */,
				507316011FD8008000EB9345 /* Card.swift in Sources */,
			);
			runOnlyForDeploymentPostprocessing = 0;
		};
/* End PBXSourcesBuildPhase section */

/* Begin PBXVariantGroup section */
		507315EF1FD69E1800EB9345 /* Main.storyboard */ = {
			isa = PBXVariantGroup;
			children = (
				507315F01FD69E1800EB9345 /* Base */,
			);
			name = Main.storyboard;
			sourceTree = "<group>";
		};
		507315F41FD69E1800EB9345 /* LaunchScreen.storyboard */ = {
			isa = PBXVariantGroup;
			children = (
				507315F51FD69E1800EB9345 /* Base */,
			);
			name = LaunchScreen.storyboard;
			sourceTree = "<group>";
		};
/* End PBXVariantGroup section */

/* Begin XCBuildConfiguration section */
		507315F81FD69E1800EB9345 /* Debug */ = {
			isa = XCBuildConfiguration;
			buildSettings = {
				ALWAYS_SEARCH_USER_PATHS = NO;
				CLANG_ANALYZER_NONNULL = YES;
				CLANG_ANALYZER_NUMBER_OBJECT_CONVERSION = YES_AGGRESSIVE;
				CLANG_CXX_LANGUAGE_STANDARD = "gnu++14";
				CLANG_CXX_LIBRARY = "libc++";
				CLANG_ENABLE_MODULES = YES;
				CLANG_ENABLE_OBJC_ARC = YES;
				CLANG_WARN_BLOCK_CAPTURE_AUTORELEASING = YES;
				CLANG_WARN_BOOL_CONVERSION = YES;
				CLANG_WARN_COMMA = YES;
				CLANG_WARN_CONSTANT_CONVERSION = YES;
				CLANG_WARN_DIRECT_OBJC_ISA_USAGE = YES_ERROR;
				CLANG_WARN_DOCUMENTATION_COMMENTS = YES;
				CLANG_WARN_EMPTY_BODY = YES;
				CLANG_WARN_ENUM_CONVERSION = YES;
				CLANG_WARN_INFINITE_RECURSION = YES;
				CLANG_WARN_INT_CONVERSION = YES;
				CLANG_WARN_NON_LITERAL_NULL_CONVERSION = YES;
				CLANG_WARN_OBJC_LITERAL_CONVERSION = YES;
				CLANG_WARN_OBJC_ROOT_CLASS = YES_ERROR;
				CLANG_WARN_RANGE_LOOP_ANALYSIS = YES;
				CLANG_WARN_STRICT_PROTOTYPES = YES;
				CLANG_WARN_SUSPICIOUS_MOVE = YES;
				CLANG_WARN_UNGUARDED_AVAILABILITY = YES_AGGRESSIVE;
				CLANG_WARN_UNREACHABLE_CODE = YES;
				CLANG_WARN__DUPLICATE_METHOD_MATCH = YES;
				CODE_SIGN_IDENTITY = "iPhone Developer";
				COPY_PHASE_STRIP = NO;
				DEBUG_INFORMATION_FORMAT = dwarf;
				ENABLE_STRICT_OBJC_MSGSEND = YES;
				ENABLE_TESTABILITY = YES;
				GCC_C_LANGUAGE_STANDARD = gnu11;
				GCC_DYNAMIC_NO_PIC = NO;
				GCC_NO_COMMON_BLOCKS = YES;
				GCC_OPTIMIZATION_LEVEL = 0;
				GCC_PREPROCESSOR_DEFINITIONS = (
					"DEBUG=1",
					"$(inherited)",
				);
				GCC_WARN_64_TO_32_BIT_CONVERSION = YES;
				GCC_WARN_ABOUT_RETURN_TYPE = YES_ERROR;
				GCC_WARN_UNDECLARED_SELECTOR = YES;
				GCC_WARN_UNINITIALIZED_AUTOS = YES_AGGRESSIVE;
				GCC_WARN_UNUSED_FUNCTION = YES;
				GCC_WARN_UNUSED_VARIABLE = YES;
				IPHONEOS_DEPLOYMENT_TARGET = 11.1;
				MTL_ENABLE_DEBUG_INFO = YES;
				ONLY_ACTIVE_ARCH = YES;
				SDKROOT = iphoneos;
				SWIFT_ACTIVE_COMPILATION_CONDITIONS = DEBUG;
				SWIFT_OPTIMIZATION_LEVEL = "-Onone";
			};
			name = Debug;
		};
		507315F91FD69E1800EB9345 /* Release */ = {
			isa = XCBuildConfiguration;
			buildSettings = {
				ALWAYS_SEARCH_USER_PATHS = NO;
				CLANG_ANALYZER_NONNULL = YES;
				CLANG_ANALYZER_NUMBER_OBJECT_CONVERSION = YES_AGGRESSIVE;
				CLANG_CXX_LANGUAGE_STANDARD = "gnu++14";
				CLANG_CXX_LIBRARY = "libc++";
				CLANG_ENABLE_MODULES = YES;
				CLANG_ENABLE_OBJC_ARC = YES;
				CLANG_WARN_BLOCK_CAPTURE_AUTORELEASING = YES;
				CLANG_WARN_BOOL_CONVERSION = YES;
				CLANG_WARN_COMMA = YES;
				CLANG_WARN_CONSTANT_CONVERSION = YES;
				CLANG_WARN_DIRECT_OBJC_ISA_USAGE = YES_ERROR;
				CLANG_WARN_DOCUMENTATION_COMMENTS = YES;
				CLANG_WARN_EMPTY_BODY = YES;
				CLANG_WARN_ENUM_CONVERSION = YES;
				CLANG_WARN_INFINITE_RECURSION = YES;
				CLANG_WARN_INT_CONVERSION = YES;
				CLANG_WARN_NON_LITERAL_NULL_CONVERSION = YES;
				CLANG_WARN_OBJC_LITERAL_CONVERSION = YES;
				CLANG_WARN_OBJC_ROOT_CLASS = YES_ERROR;
				CLANG_WARN_RANGE_LOOP_ANALYSIS = YES;
				CLANG_WARN_STRICT_PROTOTYPES = YES;
				CLANG_WARN_SUSPICIOUS_MOVE = YES;
				CLANG_WARN_UNGUARDED_AVAILABILITY = YES_AGGRESSIVE;
				CLANG_WARN_UNREACHABLE_CODE = YES;
				CLANG_WARN__DUPLICATE_METHOD_MATCH = YES;
				CODE_SIGN_IDENTITY = "iPhone Developer";
				COPY_PHASE_STRIP = NO;
				DEBUG_INFORMATION_FORMAT = "dwarf-with-dsym";
				ENABLE_NS_ASSERTIONS = NO;
				ENABLE_STRICT_OBJC_MSGSEND = YES;
				GCC_C_LANGUAGE_STANDARD = gnu11;
				GCC_NO_COMMON_BLOCKS = YES;
				GCC_WARN_64_TO_32_BIT_CONVERSION = YES;
				GCC_WARN_ABOUT_RETURN_TYPE = YES_ERROR;
				GCC_WARN_UNDECLARED_SELECTOR = YES;
				GCC_WARN_UNINITIALIZED_AUTOS = YES_AGGRESSIVE;
				GCC_WARN_UNUSED_FUNCTION = YES;
				GCC_WARN_UNUSED_VARIABLE = YES;
				IPHONEOS_DEPLOYMENT_TARGET = 11.1;
				MTL_ENABLE_DEBUG_INFO = NO;
				SDKROOT = iphoneos;
				SWIFT_OPTIMIZATION_LEVEL = "-Owholemodule";
				VALIDATE_PRODUCT = YES;
			};
			name = Release;
		};
		507315FB1FD69E1800EB9345 /* Debug */ = {
			isa = XCBuildConfiguration;
			buildSettings = {
				ASSETCATALOG_COMPILER_APPICON_NAME = AppIcon;
				CODE_SIGN_STYLE = Automatic;
				DEVELOPMENT_TEAM = 43T63796YP;
				INFOPLIST_FILE = Concetration/Info.plist;
				LD_RUNPATH_SEARCH_PATHS = "$(inherited) @executable_path/Frameworks";
				PRODUCT_BUNDLE_IDENTIFIER = geekniki.Concetration;
				PRODUCT_NAME = "$(TARGET_NAME)";
				SWIFT_VERSION = 4.0;
				TARGETED_DEVICE_FAMILY = "1,2";
			};
			name = Debug;
		};
		507315FC1FD69E1800EB9345 /* Release */ = {
			isa = XCBuildConfiguration;
			buildSettings = {
				ASSETCATALOG_COMPILER_APPICON_NAME = AppIcon;
				CODE_SIGN_STYLE = Automatic;
				DEVELOPMENT_TEAM = 43T63796YP;
				INFOPLIST_FILE = Concetration/Info.plist;
				LD_RUNPATH_SEARCH_PATHS = "$(inherited) @executable_path/Frameworks";
				PRODUCT_BUNDLE_IDENTIFIER = geekniki.Concetration;
				PRODUCT_NAME = "$(TARGET_NAME)";
				SWIFT_VERSION = 4.0;
				TARGETED_DEVICE_FAMILY = "1,2";
			};
			name = Release;
		};
/* End XCBuildConfiguration section */

/* Begin XCConfigurationList section */
		507315E31FD69E1700EB9345 /* Build configuration list for PBXProject "Concetration" */ = {
			isa = XCConfigurationList;
			buildConfigurations = (
				507315F81FD69E1800EB9345 /* Debug */,
				507315F91FD69E1800EB9345 /* Release */,
			);
			defaultConfigurationIsVisible = 0;
			defaultConfigurationName = Release;
		};
		507315FA1FD69E1800EB9345 /* Build configuration list for PBXNativeTarget "Concetration" */ = {
			isa = XCConfigurationList;
			buildConfigurations = (
				507315FB1FD69E1800EB9345 /* Debug */,
				507315FC1FD69E1800EB9345 /* Release */,
			);
			defaultConfigurationIsVisible = 0;
			defaultConfigurationName = Release;
		};
/* End XCConfigurationList section */
	};
	rootObject = 507315E01FD69E1700EB9345 /* Project object */;
}
